// !$*UTF8*$!
{
	archiveVersion = 1;
	classes = {
	};
	objectVersion = 50;
	objects = {

/* Begin PBXBuildFile section */
		71EA4FCF256CEF060008075F /* Pixel.swift in Sources */ = {isa = PBXBuildFile; fileRef = 71EA4FCE256CEF060008075F /* Pixel.swift */; };
		71EA4FD2256CEF240008075F /* Helicopter.swift in Sources */ = {isa = PBXBuildFile; fileRef = 71EA4FD1256CEF240008075F /* Helicopter.swift */; };
		71EA4FD5256CEF450008075F /* Obstacle.swift in Sources */ = {isa = PBXBuildFile; fileRef = 71EA4FD4256CEF450008075F /* Obstacle.swift */; };
		71EAB484256C5A4B000EED5E /* AppDelegate.swift in Sources */ = {isa = PBXBuildFile; fileRef = 71EAB483256C5A4B000EED5E /* AppDelegate.swift */; };
		71EAB486256C5A4B000EED5E /* SceneDelegate.swift in Sources */ = {isa = PBXBuildFile; fileRef = 71EAB485256C5A4B000EED5E /* SceneDelegate.swift */; };
		71EAB488256C5A4B000EED5E /* ContentView.swift in Sources */ = {isa = PBXBuildFile; fileRef = 71EAB487256C5A4B000EED5E /* ContentView.swift */; };
		71EAB48A256C5A4D000EED5E /* Assets.xcassets in Resources */ = {isa = PBXBuildFile; fileRef = 71EAB489256C5A4D000EED5E /* Assets.xcassets */; };
		71EAB48D256C5A4D000EED5E /* Preview Assets.xcassets in Resources */ = {isa = PBXBuildFile; fileRef = 71EAB48C256C5A4D000EED5E /* Preview Assets.xcassets */; };
		71EAB490256C5A4D000EED5E /* LaunchScreen.storyboard in Resources */ = {isa = PBXBuildFile; fileRef = 71EAB48E256C5A4D000EED5E /* LaunchScreen.storyboard */; };
		71EAB499256C6493000EED5E /* CardView.swift in Sources */ = {isa = PBXBuildFile; fileRef = 71EAB498256C6493000EED5E /* CardView.swift */; };
/* End PBXBuildFile section */

/* Begin PBXFileReference section */
		71EA4FCE256CEF060008075F /* Pixel.swift */ = {isa = PBXFileReference; lastKnownFileType = sourcecode.swift; path = Pixel.swift; sourceTree = "<group>"; };
		71EA4FD1256CEF240008075F /* Helicopter.swift */ = {isa = PBXFileReference; lastKnownFileType = sourcecode.swift; path = Helicopter.swift; sourceTree = "<group>"; };
		71EA4FD4256CEF450008075F /* Obstacle.swift */ = {isa = PBXFileReference; lastKnownFileType = sourcecode.swift; path = Obstacle.swift; sourceTree = "<group>"; };
		71EAB480256C5A4B000EED5E /* SlotMachineApp.app */ = {isa = PBXFileReference; explicitFileType = wrapper.application; includeInIndex = 0; path = SlotMachineApp.app; sourceTree = BUILT_PRODUCTS_DIR; };
		71EAB483256C5A4B000EED5E /* AppDelegate.swift */ = {isa = PBXFileReference; lastKnownFileType = sourcecode.swift; path = AppDelegate.swift; sourceTree = "<group>"; };
		71EAB485256C5A4B000EED5E /* SceneDelegate.swift */ = {isa = PBXFileReference; lastKnownFileType = sourcecode.swift; path = SceneDelegate.swift; sourceTree = "<group>"; };
		71EAB487256C5A4B000EED5E /* ContentView.swift */ = {isa = PBXFileReference; lastKnownFileType = sourcecode.swift; path = ContentView.swift; sourceTree = "<group>"; };
		71EAB489256C5A4D000EED5E /* Assets.xcassets */ = {isa = PBXFileReference; lastKnownFileType = folder.assetcatalog; path = Assets.xcassets; sourceTree = "<group>"; };
		71EAB48C256C5A4D000EED5E /* Preview Assets.xcassets */ = {isa = PBXFileReference; lastKnownFileType = folder.assetcatalog; path = "Preview Assets.xcassets"; sourceTree = "<group>"; };
		71EAB48F256C5A4D000EED5E /* Base */ = {isa = PBXFileReference; lastKnownFileType = file.storyboard; name = Base; path = Base.lproj/LaunchScreen.storyboard; sourceTree = "<group>"; };
		71EAB491256C5A4D000EED5E /* Info.plist */ = {isa = PBXFileReference; lastKnownFileType = text.plist.xml; path = Info.plist; sourceTree = "<group>"; };
		71EAB498256C6493000EED5E /* CardView.swift */ = {isa = PBXFileReference; lastKnownFileType = sourcecode.swift; path = CardView.swift; sourceTree = "<group>"; };
/* End PBXFileReference section */

/* Begin PBXFrameworksBuildPhase section */
		71EAB47D256C5A4B000EED5E /* Frameworks */ = {
			isa = PBXFrameworksBuildPhase;
			buildActionMask = 2147483647;
			files = (
			);
			runOnlyForDeploymentPostprocessing = 0;
		};
/* End PBXFrameworksBuildPhase section */

/* Begin PBXGroup section */
		71EAB477256C5A4B000EED5E = {
			isa = PBXGroup;
			children = (
				71EAB482256C5A4B000EED5E /* SlotMachineApp */,
				71EAB481256C5A4B000EED5E /* Products */,
			);
			sourceTree = "<group>";
		};
		71EAB481256C5A4B000EED5E /* Products */ = {
			isa = PBXGroup;
			children = (
				71EAB480256C5A4B000EED5E /* SlotMachineApp.app */,
			);
			name = Products;
			sourceTree = "<group>";
		};
		71EAB482256C5A4B000EED5E /* SlotMachineApp */ = {
			isa = PBXGroup;
			children = (
				71EAB483256C5A4B000EED5E /* AppDelegate.swift */,
				71EAB485256C5A4B000EED5E /* SceneDelegate.swift */,
				71EAB487256C5A4B000EED5E /* ContentView.swift */,
				71EAB498256C6493000EED5E /* CardView.swift */,
				71EAB489256C5A4D000EED5E /* Assets.xcassets */,
				71EAB48E256C5A4D000EED5E /* LaunchScreen.storyboard */,
				71EAB491256C5A4D000EED5E /* Info.plist */,
				71EAB48B256C5A4D000EED5E /* Preview Content */,
				71EA4FCE256CEF060008075F /* Pixel.swift */,
				71EA4FD1256CEF240008075F /* Helicopter.swift */,
				71EA4FD4256CEF450008075F /* Obstacle.swift */,
			);
			path = SlotMachineApp;
			sourceTree = "<group>";
		};
		71EAB48B256C5A4D000EED5E /* Preview Content */ = {
			isa = PBXGroup;
			children = (
				71EAB48C256C5A4D000EED5E /* Preview Assets.xcassets */,
			);
			path = "Preview Content";
			sourceTree = "<group>";
		};
/* End PBXGroup section */

/* Begin PBXNativeTarget section */
		71EAB47F256C5A4B000EED5E /* SlotMachineApp */ = {
			isa = PBXNativeTarget;
			buildConfigurationList = 71EAB494256C5A4D000EED5E /* Build configuration list for PBXNativeTarget "SlotMachineApp" */;
			buildPhases = (
				71EAB47C256C5A4B000EED5E /* Sources */,
				71EAB47D256C5A4B000EED5E /* Frameworks */,
				71EAB47E256C5A4B000EED5E /* Resources */,
			);
			buildRules = (
			);
			dependencies = (
			);
			name = SlotMachineApp;
			productName = SlotMachineApp;
			productReference = 71EAB480256C5A4B000EED5E /* SlotMachineApp.app */;
			productType = "com.apple.product-type.application";
		};
/* End PBXNativeTarget section */

/* Begin PBXProject section */
		71EAB478256C5A4B000EED5E /* Project object */ = {
			isa = PBXProject;
			attributes = {
				LastSwiftUpdateCheck = 1210;
				LastUpgradeCheck = 1210;
				TargetAttributes = {
					71EAB47F256C5A4B000EED5E = {
						CreatedOnToolsVersion = 12.1;
					};
				};
			};
			buildConfigurationList = 71EAB47B256C5A4B000EED5E /* Build configuration list for PBXProject "SlotMachineApp" */;
			compatibilityVersion = "Xcode 9.3";
			developmentRegion = en;
			hasScannedForEncodings = 0;
			knownRegions = (
				en,
				Base,
			);
			mainGroup = 71EAB477256C5A4B000EED5E;
			productRefGroup = 71EAB481256C5A4B000EED5E /* Products */;
			projectDirPath = "";
			projectRoot = "";
			targets = (
				71EAB47F256C5A4B000EED5E /* SlotMachineApp */,
			);
		};
/* End PBXProject section */

/* Begin PBXResourcesBuildPhase section */
		71EAB47E256C5A4B000EED5E /* Resources */ = {
			isa = PBXResourcesBuildPhase;
			buildActionMask = 2147483647;
			files = (
				71EAB490256C5A4D000EED5E /* LaunchScreen.storyboard in Resources */,
				71EAB48D256C5A4D000EED5E /* Preview Assets.xcassets in Resources */,
				71EAB48A256C5A4D000EED5E /* Assets.xcassets in Resources */,
			);
			runOnlyForDeploymentPostprocessing = 0;
		};
/* End PBXResourcesBuildPhase section */

/* Begin PBXSourcesBuildPhase section */
		71EAB47C256C5A4B000EED5E /* Sources */ = {
			isa = PBXSourcesBuildPhase;
			buildActionMask = 2147483647;
			files = (
				71EA4FD5256CEF450008075F /* Obstacle.swift in Sources */,
				71EAB484256C5A4B000EED5E /* AppDelegate.swift in Sources */,
				71EAB486256C5A4B000EED5E /* SceneDelegate.swift in Sources */,
				71EA4FD2256CEF240008075F /* Helicopter.swift in Sources */,
				71EA4FCF256CEF060008075F /* Pixel.swift in Sources */,
				71EAB499256C6493000EED5E /* CardView.swift in Sources */,
				71EAB488256C5A4B000EED5E /* ContentView.swift in Sources */,
			);
			runOnlyForDeploymentPostprocessing = 0;
		};
/* End PBXSourcesBuildPhase section */

/* Begin PBXVariantGroup section */
		71EAB48E256C5A4D000EED5E /* LaunchScreen.storyboard */ = {
			isa = PBXVariantGroup;
			children = (
				71EAB48F256C5A4D000EED5E /* Base */,
			);
			name = LaunchScreen.storyboard;
			sourceTree = "<group>";
		};
/* End PBXVariantGroup section */

/* Begin XCBuildConfiguration section */
		71EAB492256C5A4D000EED5E /* Debug */ = {
			isa = XCBuildConfiguration;
			buildSettings = {
				ALWAYS_SEARCH_USER_PATHS = NO;
				CLANG_ANALYZER_NONNULL = YES;
				CLANG_ANALYZER_NUMBER_OBJECT_CONVERSION = YES_AGGRESSIVE;
				CLANG_CXX_LANGUAGE_STANDARD = "gnu++14";
				CLANG_CXX_LIBRARY = "libc++";
				CLANG_ENABLE_MODULES = YES;
				CLANG_ENABLE_OBJC_ARC = YES;
				CLANG_ENABLE_OBJC_WEAK = YES;
				CLANG_WARN_BLOCK_CAPTURE_AUTORELEASING = YES;
				CLANG_WARN_BOOL_CONVERSION = YES;
				CLANG_WARN_COMMA = YES;
				CLANG_WARN_CONSTANT_CONVERSION = YES;
				CLANG_WARN_DEPRECATED_OBJC_IMPLEMENTATIONS = YES;
				CLANG_WARN_DIRECT_OBJC_ISA_USAGE = YES_ERROR;
				CLANG_WARN_DOCUMENTATION_COMMENTS = YES;
				CLANG_WARN_EMPTY_BODY = YES;
				CLANG_WARN_ENUM_CONVERSION = YES;
				CLANG_WARN_INFINITE_RECURSION = YES;
				CLANG_WARN_INT_CONVERSION = YES;
				CLANG_WARN_NON_LITERAL_NULL_CONVERSION = YES;
				CLANG_WARN_OBJC_IMPLICIT_RETAIN_SELF = YES;
				CLANG_WARN_OBJC_LITERAL_CONVERSION = YES;
				CLANG_WARN_OBJC_ROOT_CLASS = YES_ERROR;
				CLANG_WARN_QUOTED_INCLUDE_IN_FRAMEWORK_HEADER = YES;
				CLANG_WARN_RANGE_LOOP_ANALYSIS = YES;
				CLANG_WARN_STRICT_PROTOTYPES = YES;
				CLANG_WARN_SUSPICIOUS_MOVE = YES;
				CLANG_WARN_UNGUARDED_AVAILABILITY = YES_AGGRESSIVE;
				CLANG_WARN_UNREACHABLE_CODE = YES;
				CLANG_WARN__DUPLICATE_METHOD_MATCH = YES;
				COPY_PHASE_STRIP = NO;
				DEBUG_INFORMATION_FORMAT = dwarf;
				ENABLE_STRICT_OBJC_MSGSEND = YES;
				ENABLE_TESTABILITY = YES;
				GCC_C_LANGUAGE_STANDARD = gnu11;
				GCC_DYNAMIC_NO_PIC = NO;
				GCC_NO_COMMON_BLOCKS = YES;
				GCC_OPTIMIZATION_LEVEL = 0;
				GCC_PREPROCESSOR_DEFINITIONS = (
					"DEBUG=1",
					"$(inherited)",
				);
				GCC_WARN_64_TO_32_BIT_CONVERSION = YES;
				GCC_WARN_ABOUT_RETURN_TYPE = YES_ERROR;
				GCC_WARN_UNDECLARED_SELECTOR = YES;
				GCC_WARN_UNINITIALIZED_AUTOS = YES_AGGRESSIVE;
				GCC_WARN_UNUSED_FUNCTION = YES;
				GCC_WARN_UNUSED_VARIABLE = YES;
				IPHONEOS_DEPLOYMENT_TARGET = 14.1;
				MTL_ENABLE_DEBUG_INFO = INCLUDE_SOURCE;
				MTL_FAST_MATH = YES;
				ONLY_ACTIVE_ARCH = YES;
				SDKROOT = iphoneos;
				SWIFT_ACTIVE_COMPILATION_CONDITIONS = DEBUG;
				SWIFT_OPTIMIZATION_LEVEL = "-Onone";
			};
			name = Debug;
		};
		71EAB493256C5A4D000EED5E /* Release */ = {
			isa = XCBuildConfiguration;
			buildSettings = {
				ALWAYS_SEARCH_USER_PATHS = NO;
				CLANG_ANALYZER_NONNULL = YES;
				CLANG_ANALYZER_NUMBER_OBJECT_CONVERSION = YES_AGGRESSIVE;
				CLANG_CXX_LANGUAGE_STANDARD = "gnu++14";
				CLANG_CXX_LIBRARY = "libc++";
				CLANG_ENABLE_MODULES = YES;
				CLANG_ENABLE_OBJC_ARC = YES;
				CLANG_ENABLE_OBJC_WEAK = YES;
				CLANG_WARN_BLOCK_CAPTURE_AUTORELEASING = YES;
				CLANG_WARN_BOOL_CONVERSION = YES;
				CLANG_WARN_COMMA = YES;
				CLANG_WARN_CONSTANT_CONVERSION = YES;
				CLANG_WARN_DEPRECATED_OBJC_IMPLEMENTATIONS = YES;
				CLANG_WARN_DIRECT_OBJC_ISA_USAGE = YES_ERROR;
				CLANG_WARN_DOCUMENTATION_COMMENTS = YES;
				CLANG_WARN_EMPTY_BODY = YES;
				CLANG_WARN_ENUM_CONVERSION = YES;
				CLANG_WARN_INFINITE_RECURSION = YES;
				CLANG_WARN_INT_CONVERSION = YES;
				CLANG_WARN_NON_LITERAL_NULL_CONVERSION = YES;
				CLANG_WARN_OBJC_IMPLICIT_RETAIN_SELF = YES;
				CLANG_WARN_OBJC_LITERAL_CONVERSION = YES;
				CLANG_WARN_OBJC_ROOT_CLASS = YES_ERROR;
				CLANG_WARN_QUOTED_INCLUDE_IN_FRAMEWORK_HEADER = YES;
				CLANG_WARN_RANGE_LOOP_ANALYSIS = YES;
				CLANG_WARN_STRICT_PROTOTYPES = YES;
				CLANG_WARN_SUSPICIOUS_MOVE = YES;
				CLANG_WARN_UNGUARDED_AVAILABILITY = YES_AGGRESSIVE;
				CLANG_WARN_UNREACHABLE_CODE = YES;
				CLANG_WARN__DUPLICATE_METHOD_MATCH = YES;
				COPY_PHASE_STRIP = NO;
				DEBUG_INFORMATION_FORMAT = "dwarf-with-dsym";
				ENABLE_NS_ASSERTIONS = NO;
				ENABLE_STRICT_OBJC_MSGSEND = YES;
				GCC_C_LANGUAGE_STANDARD = gnu11;
				GCC_NO_COMMON_BLOCKS = YES;
				GCC_WARN_64_TO_32_BIT_CONVERSION = YES;
				GCC_WARN_ABOUT_RETURN_TYPE = YES_ERROR;
				GCC_WARN_UNDECLARED_SELECTOR = YES;
				GCC_WARN_UNINITIALIZED_AUTOS = YES_AGGRESSIVE;
				GCC_WARN_UNUSED_FUNCTION = YES;
				GCC_WARN_UNUSED_VARIABLE = YES;
				IPHONEOS_DEPLOYMENT_TARGET = 14.1;
				MTL_ENABLE_DEBUG_INFO = NO;
				MTL_FAST_MATH = YES;
				SDKROOT = iphoneos;
				SWIFT_COMPILATION_MODE = wholemodule;
				SWIFT_OPTIMIZATION_LEVEL = "-O";
				VALIDATE_PRODUCT = YES;
			};
			name = Release;
		};
		71EAB495256C5A4D000EED5E /* Debug */ = {
			isa = XCBuildConfiguration;
			buildSettings = {
				ASSETCATALOG_COMPILER_APPICON_NAME = AppIcon;
				ASSETCATALOG_COMPILER_GLOBAL_ACCENT_COLOR_NAME = AccentColor;
				CODE_SIGN_STYLE = Automatic;
				DEVELOPMENT_ASSET_PATHS = "\"SlotMachineApp/Preview Content\"";
				ENABLE_PREVIEWS = YES;
				INFOPLIST_FILE = SlotMachineApp/Info.plist;
				LD_RUNPATH_SEARCH_PATHS = (
					"$(inherited)",
					"@executable_path/Frameworks",
				);
				PRODUCT_BUNDLE_IDENTIFIER = com.SlotMachineApp;
				PRODUCT_NAME = "$(TARGET_NAME)";
				SWIFT_VERSION = 5.0;
				TARGETED_DEVICE_FAMILY = "1,2";
			};
			name = Debug;
		};
		71EAB496256C5A4D000EED5E /* Release */ = {
			isa = XCBuildConfiguration;
			buildSettings = {
				ASSETCATALOG_COMPILER_APPICON_NAME = AppIcon;
				ASSETCATALOG_COMPILER_GLOBAL_ACCENT_COLOR_NAME = AccentColor;
				CODE_SIGN_STYLE = Automatic;
				DEVELOPMENT_ASSET_PATHS = "\"SlotMachineApp/Preview Content\"";
				ENABLE_PREVIEWS = YES;
				INFOPLIST_FILE = SlotMachineApp/Info.plist;
				LD_RUNPATH_SEARCH_PATHS = (
					"$(inherited)",
					"@executable_path/Frameworks",
				);
				PRODUCT_BUNDLE_IDENTIFIER = com.SlotMachineApp;
				PRODUCT_NAME = "$(TARGET_NAME)";
				SWIFT_VERSION = 5.0;
				TARGETED_DEVICE_FAMILY = "1,2";
			};
			name = Release;
		};
/* End XCBuildConfiguration section */

/* Begin XCConfigurationList section */
		71EAB47B256C5A4B000EED5E /* Build configuration list for PBXProject "SlotMachineApp" */ = {
			isa = XCConfigurationList;
			buildConfigurations = (
				71EAB492256C5A4D000EED5E /* Debug */,
				71EAB493256C5A4D000EED5E /* Release */,
			);
			defaultConfigurationIsVisible = 0;
			defaultConfigurationName = Release;
		};
		71EAB494256C5A4D000EED5E /* Build configuration list for PBXNativeTarget "SlotMachineApp" */ = {
			isa = XCConfigurationList;
			buildConfigurations = (
				71EAB495256C5A4D000EED5E /* Debug */,
				71EAB496256C5A4D000EED5E /* Release */,
			);
			defaultConfigurationIsVisible = 0;
			defaultConfigurationName = Release;
		};
/* End XCConfigurationList section */
	};
	rootObject = 71EAB478256C5A4B000EED5E /* Project object */;
}
